
Microsoft Visual Studio Solution File, Format Version 12.00
# Visual Studio Version 17
VisualStudioVersion = 17.2.32526.322
MinimumVisualStudioVersion = 10.0.40219.1
Project("{FAE04EC0-301F-11D3-BF4B-00C04F79EFBC}") = "WebAPIOne", "WebAPIOne\WebAPIOne.csproj", "{25D21400-C832-4367-A4B2-681A727FDD0D}"
EndProject
Project("{FAE04EC0-301F-11D3-BF4B-00C04F79EFBC}") = "WebAPITwo", "WebAPITwo\WebAPITwo.csproj", "{F6526092-3DA3-4BA9-A28B-A053C871C596}"
EndProject
Project("{FAE04EC0-301F-11D3-BF4B-00C04F79EFBC}") = "AuthProvider", "AuthProvider\AuthProvider.csproj", "{DFDB1AD2-D15F-4B10-A87D-01239DD1C7F9}"
EndProject
Global
	GlobalSection(SolutionConfigurationPlatforms) = preSolution
		Debug|Any CPU = Debug|Any CPU
		Release|Any CPU = Release|Any CPU
	EndGlobalSection
	GlobalSection(ProjectConfigurationPlatforms) = postSolution
		{25D21400-C832-4367-A4B2-681A727FDD0D}.Debug|Any CPU.ActiveCfg = Debug|Any CPU
		{25D21400-C832-4367-A4B2-681A727FDD0D}.Debug|Any CPU.Build.0 = Debug|Any CPU
		{25D21400-C832-4367-A4B2-681A727FDD0D}.Release|Any CPU.ActiveCfg = Release|Any CPU
		{25D21400-C832-4367-A4B2-681A727FDD0D}.Release|Any CPU.Build.0 = Release|Any CPU
		{F6526092-3DA3-4BA9-A28B-A053C871C596}.Debug|Any CPU.ActiveCfg = Debug|Any CPU
		{F6526092-3DA3-4BA9-A28B-A053C871C596}.Debug|Any CPU.Build.0 = Debug|Any CPU
		{F6526092-3DA3-4BA9-A28B-A053C871C596}.Release|Any CPU.ActiveCfg = Release|Any CPU
		{F6526092-3DA3-4BA9-A28B-A053C871C596}.Release|Any CPU.Build.0 = Release|Any CPU
		{DFDB1AD2-D15F-4B10-A87D-01239DD1C7F9}.Debug|Any CPU.ActiveCfg = Debug|Any CPU
		{DFDB1AD2-D15F-4B10-A87D-01239DD1C7F9}.Debug|Any CPU.Build.0 = Debug|Any CPU
		{DFDB1AD2-D15F-4B10-A87D-01239DD1C7F9}.Release|Any CPU.ActiveCfg = Release|Any CPU
		{DFDB1AD2-D15F-4B10-A87D-01239DD1C7F9}.Release|Any CPU.Build.0 = Release|Any CPU
	EndGlobalSection
	GlobalSection(SolutionProperties) = preSolution
		HideSolutionNode = FALSE
	EndGlobalSection
	GlobalSection(ExtensibilityGlobals) = postSolution
		SolutionGuid = {A7B7BADD-827B-4DA2-9920-C5E128A7B8B9}
	EndGlobalSection
EndGlobal
